Microsoft Visual Studio Solution File, Format Version 12.00
# Visual Studio Version 17
VisualStudioVersion = 17.7.34031.279
MinimumVisualStudioVersion = 10.0.40219.1
Project("{9A19103F-16F7-4668-BE54-9A1E7A4F7556}") = "BulkyWeb", "BulkyWeb\BulkyWeb.csproj", "{5C1BB06A-323A-4249-BE55-C34AD96AA37F}"
EndProject
Project("{9A19103F-16F7-4668-BE54-9A1E7A4F7556}") = "Bulky.DataAccess", "Bulky.DataAccess\Bulky.DataAccess.csproj", "{6D221D98-C7D0-4D95-A8E1-65B47C642A8F}"
EndProject
Project("{9A19103F-16F7-4668-BE54-9A1E7A4F7556}") = "Bulky.Models", "Bulky.Models\Bulky.Models.csproj", "{CC739ACC-05D5-4198-A2C3-E641588251F7}"
EndProject
Project("{9A19103F-16F7-4668-BE54-9A1E7A4F7556}") = "Bulky.Utility", "Bulky.Utility\Bulky.Utility.csproj", "{E687006D-6935-48C0-BD21-DC711622331C}"
EndProject
Global
	GlobalSection(SolutionConfigurationPlatforms) = preSolution
		Debug|Any CPU = Debug|Any CPU
		Release|Any CPU = Release|Any CPU
	EndGlobalSection
	GlobalSection(ProjectConfigurationPlatforms) = postSolution
		{5C1BB06A-323A-4249-BE55-C34AD96AA37F}.Debug|Any CPU.ActiveCfg = Debug|Any CPU
		{5C1BB06A-323A-4249-BE55-C34AD96AA37F}.Debug|Any CPU.Build.0 = Debug|Any CPU
		{5C1BB06A-323A-4249-BE55-C34AD96AA37F}.Release|Any CPU.ActiveCfg = Release|Any CPU
		{5C1BB06A-323A-4249-BE55-C34AD96AA37F}.Release|Any CPU.Build.0 = Release|Any CPU
		{6D221D98-C7D0-4D95-A8E1-65B47C642A8F}.Debug|Any CPU.ActiveCfg = Debug|Any CPU
		{6D221D98-C7D0-4D95-A8E1-65B47C642A8F}.Debug|Any CPU.Build.0 = Debug|Any CPU
		{6D221D98-C7D0-4D95-A8E1-65B47C642A8F}.Release|Any CPU.ActiveCfg = Release|Any CPU
		{6D221D98-C7D0-4D95-A8E1-65B47C642A8F}.Release|Any CPU.Build.0 = Release|Any CPU
		{CC739ACC-05D5-4198-A2C3-E641588251F7}.Debug|Any CPU.ActiveCfg = Debug|Any CPU
		{CC739ACC-05D5-4198-A2C3-E641588251F7}.Debug|Any CPU.Build.0 = Debug|Any CPU
		{CC739ACC-05D5-4198-A2C3-E641588251F7}.Release|Any CPU.ActiveCfg = Release|Any CPU
		{CC739ACC-05D5-4198-A2C3-E641588251F7}.Release|Any CPU.Build.0 = Release|Any CPU
		{E687006D-6935-48C0-BD21-DC711622331C}.Debug|Any CPU.ActiveCfg = Debug|Any CPU
		{E687006D-6935-48C0-BD21-DC711622331C}.Debug|Any CPU.Build.0 = Debug|Any CPU
		{E687006D-6935-48C0-BD21-DC711622331C}.Release|Any CPU.ActiveCfg = Release|Any CPU
		{E687006D-6935-48C0-BD21-DC711622331C}.Release|Any CPU.Build.0 = Release|Any CPU
	EndGlobalSection
	GlobalSection(SolutionProperties) = preSolution
		HideSolutionNode = FALSE
	EndGlobalSection
	GlobalSection(ExtensibilityGlobals) = postSolution
		SolutionGuid = {07223E98-DC33-4324-873D-9D54B3E6B952}
	EndGlobalSection
EndGlobal
